
Microsoft Visual Studio Solution File, Format Version 12.00
Project("{FAE04EC0-301F-11D3-BF4B-00C04F79EFBC}") = "Day01", "Day01\Day01.csproj", "{25125CE4-D4B1-4E40-85D1-4533642FDA7A}"
EndProject
Project("{FAE04EC0-301F-11D3-BF4B-00C04F79EFBC}") = "Day02", "Day02\Day02.csproj", "{2EEBD5DD-0FBF-44DC-B298-144022A7B789}"
EndProject
Project("{FAE04EC0-301F-11D3-BF4B-00C04F79EFBC}") = "Day03", "Day03\Day03.csproj", "{BD5B363B-DCFB-43AA-A36C-DB15C26C14F3}"
EndProject
Project("{FAE04EC0-301F-11D3-BF4B-00C04F79EFBC}") = "Day04", "Day04\Day04.csproj", "{1A9FC96C-23AA-4399-B04A-DEC3ECA7B059}"
EndProject
Project("{FAE04EC0-301F-11D3-BF4B-00C04F79EFBC}") = "Day05", "Day05\Day05.csproj", "{5BCBAFD9-3011-4EDA-84E9-881AFA979819}"
EndProject
Project("{FAE04EC0-301F-11D3-BF4B-00C04F79EFBC}") = "Day06", "Day06\Day06.csproj", "{AAE9C91C-1E2A-40C6-8202-4E20DC344BB5}"
EndProject
Project("{FAE04EC0-301F-11D3-BF4B-00C04F79EFBC}") = "Day07", "Day07\Day07.csproj", "{F808A6D7-BAB8-4FA9-8C7B-C517FD6F8EF6}"
EndProject
Project("{FAE04EC0-301F-11D3-BF4B-00C04F79EFBC}") = "Day08", "Day08\Day08.csproj", "{254C1613-E0BF-4F76-A91F-E98A064C6CB1}"
EndProject
Project("{FAE04EC0-301F-11D3-BF4B-00C04F79EFBC}") = "Day09", "Day09\Day09.csproj", "{A52574A8-8904-46EB-BA4A-2C87FB016541}"
EndProject
Project("{FAE04EC0-301F-11D3-BF4B-00C04F79EFBC}") = "Day10", "Day10\Day10.csproj", "{47879CF6-ADC0-4B3A-A76B-335E95D64463}"
EndProject
Project("{FAE04EC0-301F-11D3-BF4B-00C04F79EFBC}") = "Day11", "Day11\Day11.csproj", "{A940E0B8-CD53-46B8-A6A9-01D9B80678B8}"
EndProject
Project("{FAE04EC0-301F-11D3-BF4B-00C04F79EFBC}") = "Day13", "Day13\Day13.csproj", "{1AC52745-78C5-4E6F-8E8D-2F24F28EDE0A}"
EndProject
Global
	GlobalSection(SolutionConfigurationPlatforms) = preSolution
		Debug|Any CPU = Debug|Any CPU
		Release|Any CPU = Release|Any CPU
	EndGlobalSection
	GlobalSection(ProjectConfigurationPlatforms) = postSolution
		{25125CE4-D4B1-4E40-85D1-4533642FDA7A}.Debug|Any CPU.ActiveCfg = Debug|Any CPU
		{25125CE4-D4B1-4E40-85D1-4533642FDA7A}.Debug|Any CPU.Build.0 = Debug|Any CPU
		{25125CE4-D4B1-4E40-85D1-4533642FDA7A}.Release|Any CPU.ActiveCfg = Release|Any CPU
		{25125CE4-D4B1-4E40-85D1-4533642FDA7A}.Release|Any CPU.Build.0 = Release|Any CPU
		{2EEBD5DD-0FBF-44DC-B298-144022A7B789}.Debug|Any CPU.ActiveCfg = Debug|Any CPU
		{2EEBD5DD-0FBF-44DC-B298-144022A7B789}.Debug|Any CPU.Build.0 = Debug|Any CPU
		{2EEBD5DD-0FBF-44DC-B298-144022A7B789}.Release|Any CPU.ActiveCfg = Release|Any CPU
		{2EEBD5DD-0FBF-44DC-B298-144022A7B789}.Release|Any CPU.Build.0 = Release|Any CPU
		{BD5B363B-DCFB-43AA-A36C-DB15C26C14F3}.Debug|Any CPU.ActiveCfg = Debug|Any CPU
		{BD5B363B-DCFB-43AA-A36C-DB15C26C14F3}.Debug|Any CPU.Build.0 = Debug|Any CPU
		{BD5B363B-DCFB-43AA-A36C-DB15C26C14F3}.Release|Any CPU.ActiveCfg = Release|Any CPU
		{BD5B363B-DCFB-43AA-A36C-DB15C26C14F3}.Release|Any CPU.Build.0 = Release|Any CPU
		{1A9FC96C-23AA-4399-B04A-DEC3ECA7B059}.Debug|Any CPU.ActiveCfg = Debug|Any CPU
		{1A9FC96C-23AA-4399-B04A-DEC3ECA7B059}.Debug|Any CPU.Build.0 = Debug|Any CPU
		{1A9FC96C-23AA-4399-B04A-DEC3ECA7B059}.Release|Any CPU.ActiveCfg = Release|Any CPU
		{1A9FC96C-23AA-4399-B04A-DEC3ECA7B059}.Release|Any CPU.Build.0 = Release|Any CPU
		{5BCBAFD9-3011-4EDA-84E9-881AFA979819}.Debug|Any CPU.ActiveCfg = Debug|Any CPU
		{5BCBAFD9-3011-4EDA-84E9-881AFA979819}.Debug|Any CPU.Build.0 = Debug|Any CPU
		{5BCBAFD9-3011-4EDA-84E9-881AFA979819}.Release|Any CPU.ActiveCfg = Release|Any CPU
		{5BCBAFD9-3011-4EDA-84E9-881AFA979819}.Release|Any CPU.Build.0 = Release|Any CPU
		{AAE9C91C-1E2A-40C6-8202-4E20DC344BB5}.Debug|Any CPU.ActiveCfg = Debug|Any CPU
		{AAE9C91C-1E2A-40C6-8202-4E20DC344BB5}.Debug|Any CPU.Build.0 = Debug|Any CPU
		{AAE9C91C-1E2A-40C6-8202-4E20DC344BB5}.Release|Any CPU.ActiveCfg = Release|Any CPU
		{AAE9C91C-1E2A-40C6-8202-4E20DC344BB5}.Release|Any CPU.Build.0 = Release|Any CPU
		{F808A6D7-BAB8-4FA9-8C7B-C517FD6F8EF6}.Debug|Any CPU.ActiveCfg = Debug|Any CPU
		{F808A6D7-BAB8-4FA9-8C7B-C517FD6F8EF6}.Debug|Any CPU.Build.0 = Debug|Any CPU
		{F808A6D7-BAB8-4FA9-8C7B-C517FD6F8EF6}.Release|Any CPU.ActiveCfg = Release|Any CPU
		{F808A6D7-BAB8-4FA9-8C7B-C517FD6F8EF6}.Release|Any CPU.Build.0 = Release|Any CPU
		{254C1613-E0BF-4F76-A91F-E98A064C6CB1}.Debug|Any CPU.ActiveCfg = Debug|Any CPU
		{254C1613-E0BF-4F76-A91F-E98A064C6CB1}.Debug|Any CPU.Build.0 = Debug|Any CPU
		{254C1613-E0BF-4F76-A91F-E98A064C6CB1}.Release|Any CPU.ActiveCfg = Release|Any CPU
		{254C1613-E0BF-4F76-A91F-E98A064C6CB1}.Release|Any CPU.Build.0 = Release|Any CPU
		{A52574A8-8904-46EB-BA4A-2C87FB016541}.Debug|Any CPU.ActiveCfg = Debug|Any CPU
		{A52574A8-8904-46EB-BA4A-2C87FB016541}.Debug|Any CPU.Build.0 = Debug|Any CPU
		{A52574A8-8904-46EB-BA4A-2C87FB016541}.Release|Any CPU.ActiveCfg = Release|Any CPU
		{A52574A8-8904-46EB-BA4A-2C87FB016541}.Release|Any CPU.Build.0 = Release|Any CPU
		{47879CF6-ADC0-4B3A-A76B-335E95D64463}.Debug|Any CPU.ActiveCfg = Debug|Any CPU
		{47879CF6-ADC0-4B3A-A76B-335E95D64463}.Debug|Any CPU.Build.0 = Debug|Any CPU
		{47879CF6-ADC0-4B3A-A76B-335E95D64463}.Release|Any CPU.ActiveCfg = Release|Any CPU
		{47879CF6-ADC0-4B3A-A76B-335E95D64463}.Release|Any CPU.Build.0 = Release|Any CPU
		{A940E0B8-CD53-46B8-A6A9-01D9B80678B8}.Debug|Any CPU.ActiveCfg = Debug|Any CPU
		{A940E0B8-CD53-46B8-A6A9-01D9B80678B8}.Debug|Any CPU.Build.0 = Debug|Any CPU
		{A940E0B8-CD53-46B8-A6A9-01D9B80678B8}.Release|Any CPU.ActiveCfg = Release|Any CPU
		{A940E0B8-CD53-46B8-A6A9-01D9B80678B8}.Release|Any CPU.Build.0 = Release|Any CPU
		{1AC52745-78C5-4E6F-8E8D-2F24F28EDE0A}.Debug|Any CPU.ActiveCfg = Debug|Any CPU
		{1AC52745-78C5-4E6F-8E8D-2F24F28EDE0A}.Debug|Any CPU.Build.0 = Debug|Any CPU
		{1AC52745-78C5-4E6F-8E8D-2F24F28EDE0A}.Release|Any CPU.ActiveCfg = Release|Any CPU
		{1AC52745-78C5-4E6F-8E8D-2F24F28EDE0A}.Release|Any CPU.Build.0 = Release|Any CPU
	EndGlobalSection
EndGlobal
